[[package]]
name = "certifi"
version = "2022.6.15"
description = "Python package for providing Mozilla's CA Bundle."
category = "main"
optional = false
python-versions = ">=3.6"

[[package]]
name = "charset-normalizer"
version = "2.1.0"
description = "The Real First Universal Charset Detector. Open, modern and actively maintained alternative to Chardet."
category = "main"
optional = false
python-versions = ">=3.6.0"

[package.extras]
unicode_backport = ["unicodedata2"]

[[package]]
name = "docutils"
version = "0.19"
description = "Docutils -- Python Documentation Utilities"
category = "main"
optional = false
python-versions = ">=3.7"

[[package]]
name = "idna"
version = "3.3"
description = "Internationalized Domain Names in Applications (IDNA)"
category = "main"
optional = false
python-versions = ">=3.5"

[[package]]
name = "kivy"
version = "2.1.0"
description = "A software library for rapid development of hardware-accelerated multitouch applications."
category = "main"
optional = false
python-versions = ">=3.7"

[package.dependencies]
docutils = "*"
"kivy-deps.angle" = {version = ">=0.3.2,<0.4.0", markers = "sys_platform == \"win32\""}
"kivy-deps.glew" = {version = ">=0.3.1,<0.4.0", markers = "sys_platform == \"win32\""}
"kivy-deps.sdl2" = {version = ">=0.4.5,<0.5.0", markers = "sys_platform == \"win32\""}
Kivy-Garden = ">=0.1.4"
pygments = "*"
pypiwin32 = {version = "*", markers = "sys_platform == \"win32\""}

[package.extras]
tuio = ["oscpy"]
sdl2 = ["kivy-deps.sdl2 (>=0.4.5,<0.5.0)"]
media = ["kivy-deps.gstreamer (>=0.3.3,<0.4.0)", "ffpyplayer"]
gstreamer = ["kivy-deps.gstreamer (>=0.3.3,<0.4.0)"]
glew = ["kivy-deps.glew (>=0.3.1,<0.4.0)"]
full = ["pypiwin32", "kivy-deps.glew (>=0.3.1,<0.4.0)", "kivy-deps.sdl2 (>=0.4.5,<0.5.0)", "kivy-deps.angle (>=0.3.2,<0.4.0)", "kivy-deps.gstreamer (>=0.3.3,<0.4.0)", "ffpyplayer", "pygments", "docutils", "pillow"]
dev = ["kivy-deps.glew-dev (>=0.3.1,<0.4.0)", "kivy-deps.sdl2-dev (>=0.4.5,<0.5.0)", "kivy-deps.gstreamer-dev (>=0.3.3,<0.4.0)", "pre-commit", "flake8", "funcparserlib (==1.0.0a0)", "sphinxcontrib-nwdiag", "sphinxcontrib-actdiag", "sphinxcontrib-seqdiag", "sphinxcontrib-blockdiag", "sphinx", "pyinstaller", "pytest-benchmark", "pytest-timeout", "pytest-asyncio (!=0.11.0)", "pytest-cov", "pytest (>=3.6)"]
base = ["pypiwin32", "kivy-deps.glew (>=0.3.1,<0.4.0)", "kivy-deps.sdl2 (>=0.4.5,<0.5.0)", "kivy-deps.angle (>=0.3.2,<0.4.0)", "pygments", "docutils", "pillow"]
angle = ["kivy-deps.angle (>=0.3.2,<0.4.0)"]

[[package]]
name = "kivy-deps.angle"
version = "0.3.2"
description = "Repackaged binary dependency of Kivy."
category = "main"
optional = false
python-versions = "*"

[[package]]
name = "kivy-deps.glew"
version = "0.3.1"
description = "Repackaged binary dependency of Kivy."
category = "main"
optional = false
python-versions = "*"

[[package]]
name = "kivy-deps.sdl2"
version = "0.4.5"
description = "Repackaged binary dependency of Kivy."
category = "main"
optional = false
python-versions = "*"

[[package]]
name = "kivy-garden"
version = "0.1.5"
description = ""
category = "main"
optional = false
python-versions = "*"

[package.dependencies]
requests = "*"

[[package]]
name = "pygments"
version = "2.12.0"
description = "Pygments is a syntax highlighting package written in Python."
category = "main"
optional = false
python-versions = ">=3.6"

[[package]]
name = "pypiwin32"
version = "223"
description = ""
category = "main"
optional = false
python-versions = "*"

[package.dependencies]
pywin32 = ">=223"

[[package]]
name = "pywin32"
version = "304"
description = "Python for Window Extensions"
category = "main"
optional = false
python-versions = "*"

[[package]]
name = "requests"
version = "2.28.1"
description = "Python HTTP for Humans."
category = "main"
optional = false
python-versions = ">=3.7, <4"

[package.dependencies]
certifi = ">=2017.4.17"
charset-normalizer = ">=2,<3"
idna = ">=2.5,<4"
urllib3 = ">=1.21.1,<1.27"

[package.extras]
socks = ["PySocks (>=1.5.6,!=1.5.7)"]
use_chardet_on_py3 = ["chardet (>=3.0.2,<6)"]

[[package]]
name = "urllib3"
version = "1.26.11"
description = "HTTP library with thread-safe connection pooling, file post, and more."
category = "main"
optional = false
python-versions = ">=2.7, !=3.0.*, !=3.1.*, !=3.2.*, !=3.3.*, !=3.4.*, !=3.5.*, <4"

[package.extras]
brotli = ["brotlicffi (>=0.8.0)", "brotli (>=1.0.9)", "brotlipy (>=0.6.0)"]
secure = ["pyOpenSSL (>=0.14)", "cryptography (>=1.3.4)", "idna (>=2.0.0)", "certifi", "ipaddress"]
socks = ["PySocks (>=1.5.6,!=1.5.7,<2.0)"]

[metadata]
lock-version = "1.1"
python-versions = "^3.10"
content-hash = "2bf1ed050c843124681162436996b7d1f83da369aef25937a59327685c87bc59"

[metadata.files]
certifi = [
    {file = "certifi-2022.6.15-py3-none-any.whl", hash = "sha256:fe86415d55e84719d75f8b69414f6438ac3547d2078ab91b67e779ef69378412"},
    {file = "certifi-2022.6.15.tar.gz", hash = "sha256:84c85a9078b11105f04f3036a9482ae10e4621616db313fe045dd24743a0820d"},
]
charset-normalizer = []
docutils = []
idna = [
    {file = "idna-3.3-py3-none-any.whl", hash = "sha256:84d9dd047ffa80596e0f246e2eab0b391788b0503584e8945f2368256d2735ff"},
    {file = "idna-3.3.tar.gz", hash = "sha256:9d643ff0a55b762d5cdb124b8eaa99c66322e2157b69160bc32796e824360e6d"},
]
kivy = []
"kivy-deps.angle" = [
    {file = "kivy_deps.angle-0.3.2-cp310-cp310-win32.whl", hash = "sha256:b7c78cadc20978185caf1a12faa98188c6ad9b4cb70245e0bff8d56c3da84f64"},
    {file = "kivy_deps.angle-0.3.2-cp310-cp310-win_amd64.whl", hash = "sha256:4fe686fdee42953a444297bc162d8f3659f10aad21a4116fe3c078c940f04419"},
    {file = "kivy_deps.angle-0.3.2-cp37-cp37m-win32.whl", hash = "sha256:b38e4da8dbe5933f56b0386561d89145b345bebaa61a1025d9f0988c99df3f7c"},
    {file = "kivy_deps.angle-0.3.2-cp37-cp37m-win_amd64.whl", hash = "sha256:b109ce35c4d54613f91f5c033f82ff0816a1bc96d86b259cda4cb81c912f2888"},
    {file = "kivy_deps.angle-0.3.2-cp38-cp38-win32.whl", hash = "sha256:f85c5d148b875418d4198e0f4a03da2c44fa40baf919d2eccdd7ea47a98f36e0"},
    {file = "kivy_deps.angle-0.3.2-cp38-cp38-win_amd64.whl", hash = "sha256:27055e3a641a013b3415b46b46cc17e549fdacd3677b7a7c583dd0d8488200c1"},
    {file = "kivy_deps.angle-0.3.2-cp39-cp39-win32.whl", hash = "sha256:f4fa1548d9a74043848979d0947be32c879fc3ac0cf0adab9f727ae1806441c0"},
    {file = "kivy_deps.angle-0.3.2-cp39-cp39-win_amd64.whl", hash = "sha256:e9f11c08a8994f898205d999a85705e102488264f4d2aa62303e51e01ccdc125"},
]
"kivy-deps.glew" = [
    {file = "kivy_deps.glew-0.3.1-cp310-cp310-win32.whl", hash = "sha256:8f4b3ed15acb62474909b6d41661ffb4da9eb502bb5684301fb2da668f288a58"},
    {file = "kivy_deps.glew-0.3.1-cp310-cp310-win_amd64.whl", hash = "sha256:aef2d2a93f129d8425c75234e7f6cc0a34b59a4aee67f6d2cd7a5fdfa9915b53"},
    {file = "kivy_deps.glew-0.3.1-cp37-cp37m-win32.whl", hash = "sha256:5bf6a63fe9cc4fe7bbf280ec267ec8c47914020a1175fb22152525ff1837b436"},
    {file = "kivy_deps.glew-0.3.1-cp37-cp37m-win_amd64.whl", hash = "sha256:d64a8625799fab7a7efeb3661ef8779a7f9c6d80da53eed87a956320f55530fa"},
    {file = "kivy_deps.glew-0.3.1-cp38-cp38-win32.whl", hash = "sha256:00f4ae0a4682d951266458ddb639451edb24baa54a35215dce889209daf19a06"},
    {file = "kivy_deps.glew-0.3.1-cp38-cp38-win_amd64.whl", hash = "sha256:3f8b89dcf1846032d7a9c5ef88b0ee9cbd13366e9b4c85ada61e01549a910677"},
    {file = "kivy_deps.glew-0.3.1-cp39-cp39-win32.whl", hash = "sha256:4e377ed97670dfda619a1b63a82345a8589be90e7c616a458fba2810708810b1"},
    {file = "kivy_deps.glew-0.3.1-cp39-cp39-win_amd64.whl", hash = "sha256:081a09b92f7e7817f489f8b6b31c9c9623661378de1dce1d6b097af5e7d42b45"},
]
"kivy-deps.sdl2" = [
    {file = "kivy_deps.sdl2-0.4.5-cp310-cp310-win32.whl", hash = "sha256:1884e0ce5d1f47ccf63b55021e2b2c04eae433111f2c246a82f4c06697624def"},
    {file = "kivy_deps.sdl2-0.4.5-cp310-cp310-win_amd64.whl", hash = "sha256:97be14de619deb853867b66355a1eea9f26d572c94888e934ca9fd8fcf3593b2"},
    {file = "kivy_deps.sdl2-0.4.5-cp37-cp37m-win32.whl", hash = "sha256:660c23993aa0df2de18dcc4e0fce2e1344e800469a702f49459f18762ebe5aa0"},
    {file = "kivy_deps.sdl2-0.4.5-cp37-cp37m-win_amd64.whl", hash = "sha256:6c79f225ac3954ba552c23f4313e5304663703d225f648b032861ad506bd79e2"},
    {file = "kivy_deps.sdl2-0.4.5-cp38-cp38-win32.whl", hash = "sha256:9a375da3c9cda088e318d920555be72aa0af753a24476d08f42894ef7a6ac73d"},
    {file = "kivy_deps.sdl2-0.4.5-cp38-cp38-win_amd64.whl", hash = "sha256:c3fa7218478dff2f6deb357c6c8e50856c7153b9ba8cb6f4f7a0e70b50f1b3a1"},
    {file = "kivy_deps.sdl2-0.4.5-cp39-cp39-win32.whl", hash = "sha256:0126c141dad69147315c43144c1e5356982860bed49ced1ad186616ae33b761a"},
    {file = "kivy_deps.sdl2-0.4.5-cp39-cp39-win_amd64.whl", hash = "sha256:8a54e000813471ae141ed4304eb34ee90b27c06f95565507e11e138f693c3885"},
]
kivy-garden = [
    {file = "Kivy Garden-0.1.5.tar.gz", hash = "sha256:2b8377378e87501d5d271f33d94f0e44c089884572c64f89c9d609b1f86a2748"},
    {file = "Kivy_Garden-0.1.5-py3-none-any.whl", hash = "sha256:ef50f44b96358cf10ac5665f27a4751bb34ef54051c54b93af891f80afe42929"},
]
pygments = [
    {file = "Pygments-2.12.0-py3-none-any.whl", hash = "sha256:dc9c10fb40944260f6ed4c688ece0cd2048414940f1cea51b8b226318411c519"},
    {file = "Pygments-2.12.0.tar.gz", hash = "sha256:5eb116118f9612ff1ee89ac96437bb6b49e8f04d8a13b514ba26f620208e26eb"},
]
pypiwin32 = [
    {file = "pypiwin32-223-py3-none-any.whl", hash = "sha256:67adf399debc1d5d14dffc1ab5acacb800da569754fafdc576b2a039485aa775"},
    {file = "pypiwin32-223.tar.gz", hash = "sha256:71be40c1fbd28594214ecaecb58e7aa8b708eabfa0125c8a109ebd51edbd776a"},
]
pywin32 = [
    {file = "pywin32-304-cp310-cp310-win32.whl", hash = "sha256:3c7bacf5e24298c86314f03fa20e16558a4e4138fc34615d7de4070c23e65af3"},
    {file = "pywin32-304-cp310-cp310-win_amd64.whl", hash = "sha256:4f32145913a2447736dad62495199a8e280a77a0ca662daa2332acf849f0be48"},
    {file = "pywin32-304-cp310-cp310-win_arm64.whl", hash = "sha256:d3ee45adff48e0551d1aa60d2ec066fec006083b791f5c3527c40cd8aefac71f"},
    {file = "pywin32-304-cp311-cp311-win32.whl", hash = "sha256:30c53d6ce44c12a316a06c153ea74152d3b1342610f1b99d40ba2795e5af0269"},
    {file = "pywin32-304-cp311-cp311-win_amd64.whl", hash = "sha256:7ffa0c0fa4ae4077e8b8aa73800540ef8c24530057768c3ac57c609f99a14fd4"},
    {file = "pywin32-304-cp311-cp311-win_arm64.whl", hash = "sha256:cbbe34dad39bdbaa2889a424d28752f1b4971939b14b1bb48cbf0182a3bcfc43"},
    {file = "pywin32-304-cp36-cp36m-win32.whl", hash = "sha256:be253e7b14bc601718f014d2832e4c18a5b023cbe72db826da63df76b77507a1"},
    {file = "pywin32-304-cp36-cp36m-win_amd64.whl", hash = "sha256:de9827c23321dcf43d2f288f09f3b6d772fee11e809015bdae9e69fe13213988"},
    {file = "pywin32-304-cp37-cp37m-win32.whl", hash = "sha256:f64c0377cf01b61bd5e76c25e1480ca8ab3b73f0c4add50538d332afdf8f69c5"},
    {file = "pywin32-304-cp37-cp37m-win_amd64.whl", hash = "sha256:bb2ea2aa81e96eee6a6b79d87e1d1648d3f8b87f9a64499e0b92b30d141e76df"},
    {file = "pywin32-304-cp38-cp38-win32.whl", hash = "sha256:94037b5259701988954931333aafd39cf897e990852115656b014ce72e052e96"},
    {file = "pywin32-304-cp38-cp38-win_amd64.whl", hash = "sha256:ead865a2e179b30fb717831f73cf4373401fc62fbc3455a0889a7ddac848f83e"},
    {file = "pywin32-304-cp39-cp39-win32.whl", hash = "sha256:25746d841201fd9f96b648a248f731c1dec851c9a08b8e33da8b56148e4c65cc"},
    {file = "pywin32-304-cp39-cp39-win_amd64.whl", hash = "sha256:d24a3382f013b21aa24a5cfbfad5a2cd9926610c0affde3e8ab5b3d7dbcf4ac9"},
]
requests = []
urllib3 = []
